
Microsoft Visual Studio Solution File, Format Version 12.00
# Visual Studio Version 17
VisualStudioVersion = 17.11.35327.3
MinimumVisualStudioVersion = 10.0.40219.1
Project("{FAE04EC0-301F-11D3-BF4B-00C04F79EFBC}") = "ProjectFirst", "ProjectFirst\ProjectFirst.csproj", "{CA0BA674-2081-4AFE-8330-DA1334708924}"
EndProject
Global
	GlobalSection(SolutionConfigurationPlatforms) = preSolution
		Debug|Any CPU = Debug|Any CPU
		Release|Any CPU = Release|Any CPU
	EndGlobalSection
	GlobalSection(ProjectConfigurationPlatforms) = postSolution
		{CA0BA674-2081-4AFE-8330-DA1334708924}.Debug|Any CPU.ActiveCfg = Debug|Any CPU
		{CA0BA674-2081-4AFE-8330-DA1334708924}.Debug|Any CPU.Build.0 = Debug|Any CPU
		{CA0BA674-2081-4AFE-8330-DA1334708924}.Release|Any CPU.ActiveCfg = Release|Any CPU
		{CA0BA674-2081-4AFE-8330-DA1334708924}.Release|Any CPU.Build.0 = Release|Any CPU
	EndGlobalSection
	GlobalSection(SolutionProperties) = preSolution
		HideSolutionNode = FALSE
	EndGlobalSection
	GlobalSection(ExtensibilityGlobals) = postSolution
		SolutionGuid = {F62093A8-DD51-42E6-A759-FAC5A78EC9F3}
	EndGlobalSection
EndGlobal
